PODS:
  - Alamofire (4.7.3)
  - AWSCore (2.6.23)
  - AWSS3 (2.6.23):
    - AWSCore (= 2.6.23)
  - JTMaterialTransition (2.0.1)
  - Socket.IO-Client-Swift (13.2.1):
    - Starscream (~> 3.0.2)
  - Starscream (3.0.5)

DEPENDENCIES:
  - Alamofire (~> 4.7)
  - AWSS3
  - JTMaterialTransition (~> 2.0)
  - Socket.IO-Client-Swift (~> 13.2.1)
  - Starscream (~> 3.0.2)

SPEC REPOS:
  https://github.com/cocoapods/specs.git:
    - Alamofire
    - AWSCore
    - AWSS3
    - JTMaterialTransition
    - Socket.IO-Client-Swift
    - Starscream

SPEC CHECKSUMS:
  Alamofire: c7287b6e5d7da964a70935e5db17046b7fde6568
  AWSCore: d56f69d7312e652e51c70f3b25e1687a5c2d06ca
  AWSS3: 198942f234628f1ad1c373725d65c33ebfe87af6
  JTMaterialTransition: 2350b44b404d1982a7ba755866cc65da452f4eec
  Socket.IO-Client-Swift: b94943e2fb916fe2f95244b9ed21828634002280
  Starscream: faf918b2f2eff7d5dd21180646bf015a669673bd

PODFILE CHECKSUM: 8a520fb4da3c5b7f82e5ad483198670ff2e9b18f

COCOAPODS: 1.5.3
